
Microsoft Visual Studio Solution File, Format Version 12.00
# Visual Studio Version 16
VisualStudioVersion = 16.0.32407.337
MinimumVisualStudioVersion = 10.0.40219.1
Project("{9A19103F-16F7-4668-BE54-9A1E7A4F7556}") = "CursachTestProject", "CursachTestProject.csproj", "{2914BDF8-CD46-44E3-A388-9851B2114373}"
EndProject
Project("{FAE04EC0-301F-11D3-BF4B-00C04F79EFBC}") = "SomeStuff", "..\SomeStuff\SomeStuff.csproj", "{5862A80A-ADEF-4CAB-BD80-F2E14568BBAC}"
EndProject
Global
	GlobalSection(SolutionConfigurationPlatforms) = preSolution
		Debug|Any CPU = Debug|Any CPU
		Release|Any CPU = Release|Any CPU
	EndGlobalSection
	GlobalSection(ProjectConfigurationPlatforms) = postSolution
		{2914BDF8-CD46-44E3-A388-9851B2114373}.Debug|Any CPU.ActiveCfg = Debug|Any CPU
		{2914BDF8-CD46-44E3-A388-9851B2114373}.Debug|Any CPU.Build.0 = Debug|Any CPU
		{2914BDF8-CD46-44E3-A388-9851B2114373}.Release|Any CPU.ActiveCfg = Release|Any CPU
		{2914BDF8-CD46-44E3-A388-9851B2114373}.Release|Any CPU.Build.0 = Release|Any CPU
		{5862A80A-ADEF-4CAB-BD80-F2E14568BBAC}.Debug|Any CPU.ActiveCfg = Debug|Any CPU
		{5862A80A-ADEF-4CAB-BD80-F2E14568BBAC}.Debug|Any CPU.Build.0 = Debug|Any CPU
		{5862A80A-ADEF-4CAB-BD80-F2E14568BBAC}.Release|Any CPU.ActiveCfg = Release|Any CPU
		{5862A80A-ADEF-4CAB-BD80-F2E14568BBAC}.Release|Any CPU.Build.0 = Release|Any CPU
	EndGlobalSection
	GlobalSection(SolutionProperties) = preSolution
		HideSolutionNode = FALSE
	EndGlobalSection
	GlobalSection(ExtensibilityGlobals) = postSolution
		SolutionGuid = {FDEAC707-ED03-4758-8731-F16F7ECCE8F7}
	EndGlobalSection
EndGlobal
